
Microsoft Visual Studio Solution File, Format Version 12.00
# Visual Studio Version 17
VisualStudioVersion = 17.10.34916.146
MinimumVisualStudioVersion = 10.0.40219.1
Project("{2150E333-8FDC-42A3-9474-1A3956D46DE8}") = "src", "src", "{14702133-4E75-49E6-923F-EE3C15350881}"
EndProject
Project("{FAE04EC0-301F-11D3-BF4B-00C04F79EFBC}") = "Pizza4Ps.StaffService.API", "src\Pizza4Ps.StaffService.API\Pizza4Ps.StaffService.API.csproj", "{85B28762-A26C-4E78-83DA-5051855B65B1}"
EndProject
Project("{FAE04EC0-301F-11D3-BF4B-00C04F79EFBC}") = "Pizza4Ps.StaffService.Application", "src\Pizza4Ps.StaffService.Application\Pizza4Ps.StaffService.Application.csproj", "{F4C26A74-73AD-46B5-8218-85BB995D3472}"
EndProject
Project("{FAE04EC0-301F-11D3-BF4B-00C04F79EFBC}") = "Pizza4Ps.StaffService.Persistence", "src\Pizza4Ps.StaffService.Persistence\Pizza4Ps.StaffService.Persistence.csproj", "{63BB947E-BECB-4573-AA0D-C9B8F72E19AF}"
EndProject
Project("{FAE04EC0-301F-11D3-BF4B-00C04F79EFBC}") = "Pizza4Ps.StaffService.Infrastructure", "src\Pizza4Ps.StaffService.Infrastructure\Pizza4Ps.StaffService.Infrastructure.csproj", "{E76C00FC-3F63-41F8-8518-C7343532D30C}"
EndProject
Project("{FAE04EC0-301F-11D3-BF4B-00C04F79EFBC}") = "Pizza4Ps.StaffService.Domain", "src\Pizza4Ps.StaffService.Domain\Pizza4Ps.StaffService.Domain.csproj", "{8B3FA804-F8A0-4141-8E43-68894989E3F2}"
EndProject
Project("{FAE04EC0-301F-11D3-BF4B-00C04F79EFBC}") = "Pizza4Ps.StaffService.Application.Contract", "src\Pizza4Ps.StaffService.Application.Contract\Pizza4Ps.StaffService.Application.Contract.csproj", "{3985ABB4-4909-4022-97D8-AED31E4DF585}"
EndProject
Global
	GlobalSection(SolutionConfigurationPlatforms) = preSolution
		Debug|Any CPU = Debug|Any CPU
		Release|Any CPU = Release|Any CPU
	EndGlobalSection
	GlobalSection(ProjectConfigurationPlatforms) = postSolution
		{85B28762-A26C-4E78-83DA-5051855B65B1}.Debug|Any CPU.ActiveCfg = Debug|Any CPU
		{85B28762-A26C-4E78-83DA-5051855B65B1}.Debug|Any CPU.Build.0 = Debug|Any CPU
		{85B28762-A26C-4E78-83DA-5051855B65B1}.Release|Any CPU.ActiveCfg = Release|Any CPU
		{85B28762-A26C-4E78-83DA-5051855B65B1}.Release|Any CPU.Build.0 = Release|Any CPU
		{F4C26A74-73AD-46B5-8218-85BB995D3472}.Debug|Any CPU.ActiveCfg = Debug|Any CPU
		{F4C26A74-73AD-46B5-8218-85BB995D3472}.Debug|Any CPU.Build.0 = Debug|Any CPU
		{F4C26A74-73AD-46B5-8218-85BB995D3472}.Release|Any CPU.ActiveCfg = Release|Any CPU
		{F4C26A74-73AD-46B5-8218-85BB995D3472}.Release|Any CPU.Build.0 = Release|Any CPU
		{63BB947E-BECB-4573-AA0D-C9B8F72E19AF}.Debug|Any CPU.ActiveCfg = Debug|Any CPU
		{63BB947E-BECB-4573-AA0D-C9B8F72E19AF}.Debug|Any CPU.Build.0 = Debug|Any CPU
		{63BB947E-BECB-4573-AA0D-C9B8F72E19AF}.Release|Any CPU.ActiveCfg = Release|Any CPU
		{63BB947E-BECB-4573-AA0D-C9B8F72E19AF}.Release|Any CPU.Build.0 = Release|Any CPU
		{E76C00FC-3F63-41F8-8518-C7343532D30C}.Debug|Any CPU.ActiveCfg = Debug|Any CPU
		{E76C00FC-3F63-41F8-8518-C7343532D30C}.Debug|Any CPU.Build.0 = Debug|Any CPU
		{E76C00FC-3F63-41F8-8518-C7343532D30C}.Release|Any CPU.ActiveCfg = Release|Any CPU
		{E76C00FC-3F63-41F8-8518-C7343532D30C}.Release|Any CPU.Build.0 = Release|Any CPU
		{8B3FA804-F8A0-4141-8E43-68894989E3F2}.Debug|Any CPU.ActiveCfg = Debug|Any CPU
		{8B3FA804-F8A0-4141-8E43-68894989E3F2}.Debug|Any CPU.Build.0 = Debug|Any CPU
		{8B3FA804-F8A0-4141-8E43-68894989E3F2}.Release|Any CPU.ActiveCfg = Release|Any CPU
		{8B3FA804-F8A0-4141-8E43-68894989E3F2}.Release|Any CPU.Build.0 = Release|Any CPU
		{3985ABB4-4909-4022-97D8-AED31E4DF585}.Debug|Any CPU.ActiveCfg = Debug|Any CPU
		{3985ABB4-4909-4022-97D8-AED31E4DF585}.Debug|Any CPU.Build.0 = Debug|Any CPU
		{3985ABB4-4909-4022-97D8-AED31E4DF585}.Release|Any CPU.ActiveCfg = Release|Any CPU
		{3985ABB4-4909-4022-97D8-AED31E4DF585}.Release|Any CPU.Build.0 = Release|Any CPU
	EndGlobalSection
	GlobalSection(SolutionProperties) = preSolution
		HideSolutionNode = FALSE
	EndGlobalSection
	GlobalSection(NestedProjects) = preSolution
		{85B28762-A26C-4E78-83DA-5051855B65B1} = {14702133-4E75-49E6-923F-EE3C15350881}
		{F4C26A74-73AD-46B5-8218-85BB995D3472} = {14702133-4E75-49E6-923F-EE3C15350881}
		{63BB947E-BECB-4573-AA0D-C9B8F72E19AF} = {14702133-4E75-49E6-923F-EE3C15350881}
		{E76C00FC-3F63-41F8-8518-C7343532D30C} = {14702133-4E75-49E6-923F-EE3C15350881}
		{8B3FA804-F8A0-4141-8E43-68894989E3F2} = {14702133-4E75-49E6-923F-EE3C15350881}
		{3985ABB4-4909-4022-97D8-AED31E4DF585} = {14702133-4E75-49E6-923F-EE3C15350881}
	EndGlobalSection
	GlobalSection(ExtensibilityGlobals) = postSolution
		SolutionGuid = {303245B1-6E26-43FA-9692-42F0E11A78D2}
	EndGlobalSection
EndGlobal
